
Microsoft Visual Studio Solution File, Format Version 12.00
# Visual Studio Version 16
VisualStudioVersion = 16.0.31702.278
MinimumVisualStudioVersion = 10.0.40219.1
Project("{FAE04EC0-301F-11D3-BF4B-00C04F79EFBC}") = "Filemanager_v3", "Filemanager_v3\Filemanager_v3.csproj", "{580C8766-5FC9-4F4D-9AF3-E261D3EC91B7}"
EndProject
Global
	GlobalSection(SolutionConfigurationPlatforms) = preSolution
		Debug|Any CPU = Debug|Any CPU
		Release|Any CPU = Release|Any CPU
	EndGlobalSection
	GlobalSection(ProjectConfigurationPlatforms) = postSolution
		{580C8766-5FC9-4F4D-9AF3-E261D3EC91B7}.Debug|Any CPU.ActiveCfg = Debug|Any CPU
		{580C8766-5FC9-4F4D-9AF3-E261D3EC91B7}.Debug|Any CPU.Build.0 = Debug|Any CPU
		{580C8766-5FC9-4F4D-9AF3-E261D3EC91B7}.Release|Any CPU.ActiveCfg = Release|Any CPU
		{580C8766-5FC9-4F4D-9AF3-E261D3EC91B7}.Release|Any CPU.Build.0 = Release|Any CPU
	EndGlobalSection
	GlobalSection(SolutionProperties) = preSolution
		HideSolutionNode = FALSE
	EndGlobalSection
	GlobalSection(ExtensibilityGlobals) = postSolution
		SolutionGuid = {0FB59B3C-59B3-4F69-A09E-D1163C757702}
	EndGlobalSection
EndGlobal
