
Microsoft Visual Studio Solution File, Format Version 12.00
# Visual Studio Version 16
VisualStudioVersion = 16.0.31702.278
MinimumVisualStudioVersion = 10.0.40219.1
Project("{9A19103F-16F7-4668-BE54-9A1E7A4F7556}") = "Filemanager_GleamTech", "Filemanager_Glomtech\Filemanager_GleamTech.csproj", "{A3D6DA7C-8307-4B75-ABE6-911D1BC3A6E4}"
EndProject
Global
	GlobalSection(SolutionConfigurationPlatforms) = preSolution
		Debug|Any CPU = Debug|Any CPU
		Release|Any CPU = Release|Any CPU
	EndGlobalSection
	GlobalSection(ProjectConfigurationPlatforms) = postSolution
		{A3D6DA7C-8307-4B75-ABE6-911D1BC3A6E4}.Debug|Any CPU.ActiveCfg = Debug|Any CPU
		{A3D6DA7C-8307-4B75-ABE6-911D1BC3A6E4}.Debug|Any CPU.Build.0 = Debug|Any CPU
		{A3D6DA7C-8307-4B75-ABE6-911D1BC3A6E4}.Release|Any CPU.ActiveCfg = Release|Any CPU
		{A3D6DA7C-8307-4B75-ABE6-911D1BC3A6E4}.Release|Any CPU.Build.0 = Release|Any CPU
	EndGlobalSection
	GlobalSection(SolutionProperties) = preSolution
		HideSolutionNode = FALSE
	EndGlobalSection
	GlobalSection(ExtensibilityGlobals) = postSolution
		SolutionGuid = {34F799A4-B49C-4E34-82E3-E662557D4361}
	EndGlobalSection
EndGlobal
