
Microsoft Visual Studio Solution File, Format Version 12.00
# Visual Studio Version 16
VisualStudioVersion = 16.0.31702.278
MinimumVisualStudioVersion = 10.0.40219.1
Project("{FAE04EC0-301F-11D3-BF4B-00C04F79EFBC}") = "Filemanager_v2", "Filemanager_v2\Filemanager_v2.csproj", "{C0169820-39F0-40BD-8EE7-AA258DFCAE53}"
EndProject
Global
	GlobalSection(SolutionConfigurationPlatforms) = preSolution
		Debug|Any CPU = Debug|Any CPU
		Release|Any CPU = Release|Any CPU
	EndGlobalSection
	GlobalSection(ProjectConfigurationPlatforms) = postSolution
		{C0169820-39F0-40BD-8EE7-AA258DFCAE53}.Debug|Any CPU.ActiveCfg = Debug|Any CPU
		{C0169820-39F0-40BD-8EE7-AA258DFCAE53}.Debug|Any CPU.Build.0 = Debug|Any CPU
		{C0169820-39F0-40BD-8EE7-AA258DFCAE53}.Release|Any CPU.ActiveCfg = Release|Any CPU
		{C0169820-39F0-40BD-8EE7-AA258DFCAE53}.Release|Any CPU.Build.0 = Release|Any CPU
	EndGlobalSection
	GlobalSection(SolutionProperties) = preSolution
		HideSolutionNode = FALSE
	EndGlobalSection
	GlobalSection(ExtensibilityGlobals) = postSolution
		SolutionGuid = {34F799A4-B49C-4E34-82E3-E662557D4361}
	EndGlobalSection
EndGlobal
